
Microsoft Visual Studio Solution File, Format Version 12.00
# Visual Studio Version 17
VisualStudioVersion = 17.1.32328.378
MinimumVisualStudioVersion = 10.0.40219.1
Project("{9A19103F-16F7-4668-BE54-9A1E7A4F7556}") = "Haupt", "Haupt\Haupt.csproj", "{F9E1CF4E-DFE0-409C-9F64-75571138F6AE}"
EndProject
Project("{FAE04EC0-301F-11D3-BF4B-00C04F79EFBC}") = "Methoden_1", "Methoden_1\Methoden_1.csproj", "{E9E3E4F0-8A81-46F4-B837-C9E56C3D7663}"
EndProject
Global
	GlobalSection(SolutionConfigurationPlatforms) = preSolution
		Debug|Any CPU = Debug|Any CPU
		Release|Any CPU = Release|Any CPU
	EndGlobalSection
	GlobalSection(ProjectConfigurationPlatforms) = postSolution
		{F9E1CF4E-DFE0-409C-9F64-75571138F6AE}.Debug|Any CPU.ActiveCfg = Debug|Any CPU
		{F9E1CF4E-DFE0-409C-9F64-75571138F6AE}.Debug|Any CPU.Build.0 = Debug|Any CPU
		{F9E1CF4E-DFE0-409C-9F64-75571138F6AE}.Release|Any CPU.ActiveCfg = Release|Any CPU
		{F9E1CF4E-DFE0-409C-9F64-75571138F6AE}.Release|Any CPU.Build.0 = Release|Any CPU
		{E9E3E4F0-8A81-46F4-B837-C9E56C3D7663}.Debug|Any CPU.ActiveCfg = Debug|Any CPU
		{E9E3E4F0-8A81-46F4-B837-C9E56C3D7663}.Debug|Any CPU.Build.0 = Debug|Any CPU
		{E9E3E4F0-8A81-46F4-B837-C9E56C3D7663}.Release|Any CPU.ActiveCfg = Release|Any CPU
		{E9E3E4F0-8A81-46F4-B837-C9E56C3D7663}.Release|Any CPU.Build.0 = Release|Any CPU
	EndGlobalSection
	GlobalSection(SolutionProperties) = preSolution
		HideSolutionNode = FALSE
	EndGlobalSection
	GlobalSection(ExtensibilityGlobals) = postSolution
		SolutionGuid = {8E9268A2-7580-41D0-BEAC-01184543A3BE}
	EndGlobalSection
EndGlobal
